
Microsoft Visual Studio Solution File, Format Version 12.00
# Visual Studio Version 17
VisualStudioVersion = 17.13.35825.156
MinimumVisualStudioVersion = 10.0.40219.1
Project("{FAE04EC0-301F-11D3-BF4B-00C04F79EFBC}") = "TDBA", "TDBA\TDBA.csproj", "{42AFDDB1-B7A8-4C21-920F-D5B929F29F1E}"
EndProject
Global
	GlobalSection(SolutionConfigurationPlatforms) = preSolution
		Debug|Any CPU = Debug|Any CPU
		Release|Any CPU = Release|Any CPU
	EndGlobalSection
	GlobalSection(ProjectConfigurationPlatforms) = postSolution
		{42AFDDB1-B7A8-4C21-920F-D5B929F29F1E}.Debug|Any CPU.ActiveCfg = Debug|Any CPU
		{42AFDDB1-B7A8-4C21-920F-D5B929F29F1E}.Debug|Any CPU.Build.0 = Debug|Any CPU
		{42AFDDB1-B7A8-4C21-920F-D5B929F29F1E}.Release|Any CPU.ActiveCfg = Release|Any CPU
		{42AFDDB1-B7A8-4C21-920F-D5B929F29F1E}.Release|Any CPU.Build.0 = Release|Any CPU
	EndGlobalSection
	GlobalSection(SolutionProperties) = preSolution
		HideSolutionNode = FALSE
	EndGlobalSection
	GlobalSection(ExtensibilityGlobals) = postSolution
		SolutionGuid = {E7D67132-1226-4EF9-B038-67C7CF0D9BF1}
	EndGlobalSection
EndGlobal
